// !$*UTF8*$!
{
	archiveVersion = 1;
	classes = {
	};
	objectVersion = 50;
	objects = {

/* Begin PBXBuildFile section */
		52C5FE0D23611B170012F1C3 /* AppDelegate.swift in Sources */ = {isa = PBXBuildFile; fileRef = 52C5FE0C23611B170012F1C3 /* AppDelegate.swift */; };
		52C5FE0F23611B170012F1C3 /* ViewController.swift in Sources */ = {isa = PBXBuildFile; fileRef = 52C5FE0E23611B170012F1C3 /* ViewController.swift */; };
		52C5FE1223611B170012F1C3 /* Main.storyboard in Resources */ = {isa = PBXBuildFile; fileRef = 52C5FE1023611B170012F1C3 /* Main.storyboard */; };
		52C5FE1423611B190012F1C3 /* Assets.xcassets in Resources */ = {isa = PBXBuildFile; fileRef = 52C5FE1323611B190012F1C3 /* Assets.xcassets */; };
		52C5FE1723611B190012F1C3 /* LaunchScreen.storyboard in Resources */ = {isa = PBXBuildFile; fileRef = 52C5FE1523611B190012F1C3 /* LaunchScreen.storyboard */; };
		52C5FE2223611B190012F1C3 /* ViewSwitcherTests.swift in Sources */ = {isa = PBXBuildFile; fileRef = 52C5FE2123611B190012F1C3 /* ViewSwitcherTests.swift */; };
		52C5FE2D23611B190012F1C3 /* ViewSwitcherUITests.swift in Sources */ = {isa = PBXBuildFile; fileRef = 52C5FE2C23611B190012F1C3 /* ViewSwitcherUITests.swift */; };
/* End PBXBuildFile section */

/* Begin PBXContainerItemProxy section */
		52C5FE1E23611B190012F1C3 /* PBXContainerItemProxy */ = {
			isa = PBXContainerItemProxy;
			containerPortal = 52C5FE0123611B170012F1C3 /* Project object */;
			proxyType = 1;
			remoteGlobalIDString = 52C5FE0823611B170012F1C3;
			remoteInfo = ViewSwitcher;
		};
		52C5FE2923611B190012F1C3 /* PBXContainerItemProxy */ = {
			isa = PBXContainerItemProxy;
			containerPortal = 52C5FE0123611B170012F1C3 /* Project object */;
			proxyType = 1;
			remoteGlobalIDString = 52C5FE0823611B170012F1C3;
			remoteInfo = ViewSwitcher;
		};
/* End PBXContainerItemProxy section */

/* Begin PBXFileReference section */
		52C5FE0923611B170012F1C3 /* ViewSwitcher.app */ = {isa = PBXFileReference; explicitFileType = wrapper.application; includeInIndex = 0; path = ViewSwitcher.app; sourceTree = BUILT_PRODUCTS_DIR; };
		52C5FE0C23611B170012F1C3 /* AppDelegate.swift */ = {isa = PBXFileReference; lastKnownFileType = sourcecode.swift; path = AppDelegate.swift; sourceTree = "<group>"; };
		52C5FE0E23611B170012F1C3 /* ViewController.swift */ = {isa = PBXFileReference; lastKnownFileType = sourcecode.swift; path = ViewController.swift; sourceTree = "<group>"; };
		52C5FE1123611B170012F1C3 /* Base */ = {isa = PBXFileReference; lastKnownFileType = file.storyboard; name = Base; path = Base.lproj/Main.storyboard; sourceTree = "<group>"; };
		52C5FE1323611B190012F1C3 /* Assets.xcassets */ = {isa = PBXFileReference; lastKnownFileType = folder.assetcatalog; path = Assets.xcassets; sourceTree = "<group>"; };
		52C5FE1623611B190012F1C3 /* Base */ = {isa = PBXFileReference; lastKnownFileType = file.storyboard; name = Base; path = Base.lproj/LaunchScreen.storyboard; sourceTree = "<group>"; };
		52C5FE1823611B190012F1C3 /* Info.plist */ = {isa = PBXFileReference; lastKnownFileType = text.plist.xml; path = Info.plist; sourceTree = "<group>"; };
		52C5FE1D23611B190012F1C3 /* ViewSwitcherTests.xctest */ = {isa = PBXFileReference; explicitFileType = wrapper.cfbundle; includeInIndex = 0; path = ViewSwitcherTests.xctest; sourceTree = BUILT_PRODUCTS_DIR; };
		52C5FE2123611B190012F1C3 /* ViewSwitcherTests.swift */ = {isa = PBXFileReference; lastKnownFileType = sourcecode.swift; path = ViewSwitcherTests.swift; sourceTree = "<group>"; };
		52C5FE2323611B190012F1C3 /* Info.plist */ = {isa = PBXFileReference; lastKnownFileType = text.plist.xml; path = Info.plist; sourceTree = "<group>"; };
		52C5FE2823611B190012F1C3 /* ViewSwitcherUITests.xctest */ = {isa = PBXFileReference; explicitFileType = wrapper.cfbundle; includeInIndex = 0; path = ViewSwitcherUITests.xctest; sourceTree = BUILT_PRODUCTS_DIR; };
		52C5FE2C23611B190012F1C3 /* ViewSwitcherUITests.swift */ = {isa = PBXFileReference; lastKnownFileType = sourcecode.swift; path = ViewSwitcherUITests.swift; sourceTree = "<group>"; };
		52C5FE2E23611B190012F1C3 /* Info.plist */ = {isa = PBXFileReference; lastKnownFileType = text.plist.xml; path = Info.plist; sourceTree = "<group>"; };
/* End PBXFileReference section */

/* Begin PBXFrameworksBuildPhase section */
		52C5FE0623611B170012F1C3 /* Frameworks */ = {
			isa = PBXFrameworksBuildPhase;
			buildActionMask = 2147483647;
			files = (
			);
			runOnlyForDeploymentPostprocessing = 0;
		};
		52C5FE1A23611B190012F1C3 /* Frameworks */ = {
			isa = PBXFrameworksBuildPhase;
			buildActionMask = 2147483647;
			files = (
			);
			runOnlyForDeploymentPostprocessing = 0;
		};
		52C5FE2523611B190012F1C3 /* Frameworks */ = {
			isa = PBXFrameworksBuildPhase;
			buildActionMask = 2147483647;
			files = (
			);
			runOnlyForDeploymentPostprocessing = 0;
		};
/* End PBXFrameworksBuildPhase section */

/* Begin PBXGroup section */
		52C5FE0023611B170012F1C3 = {
			isa = PBXGroup;
			children = (
				52C5FE0B23611B170012F1C3 /* ViewSwitcher */,
				52C5FE2023611B190012F1C3 /* ViewSwitcherTests */,
				52C5FE2B23611B190012F1C3 /* ViewSwitcherUITests */,
				52C5FE0A23611B170012F1C3 /* Products */,
			);
			sourceTree = "<group>";
		};
		52C5FE0A23611B170012F1C3 /* Products */ = {
			isa = PBXGroup;
			children = (
				52C5FE0923611B170012F1C3 /* ViewSwitcher.app */,
				52C5FE1D23611B190012F1C3 /* ViewSwitcherTests.xctest */,
				52C5FE2823611B190012F1C3 /* ViewSwitcherUITests.xctest */,
			);
			name = Products;
			sourceTree = "<group>";
		};
		52C5FE0B23611B170012F1C3 /* ViewSwitcher */ = {
			isa = PBXGroup;
			children = (
				52C5FE0C23611B170012F1C3 /* AppDelegate.swift */,
				52C5FE0E23611B170012F1C3 /* ViewController.swift */,
				52C5FE1023611B170012F1C3 /* Main.storyboard */,
				52C5FE1323611B190012F1C3 /* Assets.xcassets */,
				52C5FE1523611B190012F1C3 /* LaunchScreen.storyboard */,
				52C5FE1823611B190012F1C3 /* Info.plist */,
			);
			path = ViewSwitcher;
			sourceTree = "<group>";
		};
		52C5FE2023611B190012F1C3 /* ViewSwitcherTests */ = {
			isa = PBXGroup;
			children = (
				52C5FE2123611B190012F1C3 /* ViewSwitcherTests.swift */,
				52C5FE2323611B190012F1C3 /* Info.plist */,
			);
			path = ViewSwitcherTests;
			sourceTree = "<group>";
		};
		52C5FE2B23611B190012F1C3 /* ViewSwitcherUITests */ = {
			isa = PBXGroup;
			children = (
				52C5FE2C23611B190012F1C3 /* ViewSwitcherUITests.swift */,
				52C5FE2E23611B190012F1C3 /* Info.plist */,
			);
			path = ViewSwitcherUITests;
			sourceTree = "<group>";
		};
/* End PBXGroup section */

/* Begin PBXNativeTarget section */
		52C5FE0823611B170012F1C3 /* ViewSwitcher */ = {
			isa = PBXNativeTarget;
			buildConfigurationList = 52C5FE3123611B190012F1C3 /* Build configuration list for PBXNativeTarget "ViewSwitcher" */;
			buildPhases = (
				52C5FE0523611B170012F1C3 /* Sources */,
				52C5FE0623611B170012F1C3 /* Frameworks */,
				52C5FE0723611B170012F1C3 /* Resources */,
			);
			buildRules = (
			);
			dependencies = (
			);
			name = ViewSwitcher;
			productName = ViewSwitcher;
			productReference = 52C5FE0923611B170012F1C3 /* ViewSwitcher.app */;
			productType = "com.apple.product-type.application";
		};
		52C5FE1C23611B190012F1C3 /* ViewSwitcherTests */ = {
			isa = PBXNativeTarget;
			buildConfigurationList = 52C5FE3423611B190012F1C3 /* Build configuration list for PBXNativeTarget "ViewSwitcherTests" */;
			buildPhases = (
				52C5FE1923611B190012F1C3 /* Sources */,
				52C5FE1A23611B190012F1C3 /* Frameworks */,
				52C5FE1B23611B190012F1C3 /* Resources */,
			);
			buildRules = (
			);
			dependencies = (
				52C5FE1F23611B190012F1C3 /* PBXTargetDependency */,
			);
			name = ViewSwitcherTests;
			productName = ViewSwitcherTests;
			productReference = 52C5FE1D23611B190012F1C3 /* ViewSwitcherTests.xctest */;
			productType = "com.apple.product-type.bundle.unit-test";
		};
		52C5FE2723611B190012F1C3 /* ViewSwitcherUITests */ = {
			isa = PBXNativeTarget;
			buildConfigurationList = 52C5FE3723611B190012F1C3 /* Build configuration list for PBXNativeTarget "ViewSwitcherUITests" */;
			buildPhases = (
				52C5FE2423611B190012F1C3 /* Sources */,
				52C5FE2523611B190012F1C3 /* Frameworks */,
				52C5FE2623611B190012F1C3 /* Resources */,
			);
			buildRules = (
			);
			dependencies = (
				52C5FE2A23611B190012F1C3 /* PBXTargetDependency */,
			);
			name = ViewSwitcherUITests;
			productName = ViewSwitcherUITests;
			productReference = 52C5FE2823611B190012F1C3 /* ViewSwitcherUITests.xctest */;
			productType = "com.apple.product-type.bundle.ui-testing";
		};
/* End PBXNativeTarget section */

/* Begin PBXProject section */
		52C5FE0123611B170012F1C3 /* Project object */ = {
			isa = PBXProject;
			attributes = {
				LastSwiftUpdateCheck = 1010;
				LastUpgradeCheck = 1010;
				ORGANIZATIONNAME = "Michael Her";
				TargetAttributes = {
					52C5FE0823611B170012F1C3 = {
						CreatedOnToolsVersion = 10.1;
					};
					52C5FE1C23611B190012F1C3 = {
						CreatedOnToolsVersion = 10.1;
						TestTargetID = 52C5FE0823611B170012F1C3;
					};
					52C5FE2723611B190012F1C3 = {
						CreatedOnToolsVersion = 10.1;
						TestTargetID = 52C5FE0823611B170012F1C3;
					};
				};
			};
			buildConfigurationList = 52C5FE0423611B170012F1C3 /* Build configuration list for PBXProject "ViewSwitcher" */;
			compatibilityVersion = "Xcode 9.3";
			developmentRegion = en;
			hasScannedForEncodings = 0;
			knownRegions = (
				en,
				Base,
			);
			mainGroup = 52C5FE0023611B170012F1C3;
			productRefGroup = 52C5FE0A23611B170012F1C3 /* Products */;
			projectDirPath = "";
			projectRoot = "";
			targets = (
				52C5FE0823611B170012F1C3 /* ViewSwitcher */,
				52C5FE1C23611B190012F1C3 /* ViewSwitcherTests */,
				52C5FE2723611B190012F1C3 /* ViewSwitcherUITests */,
			);
		};
/* End PBXProject section */

/* Begin PBXResourcesBuildPhase section */
		52C5FE0723611B170012F1C3 /* Resources */ = {
			isa = PBXResourcesBuildPhase;
			buildActionMask = 2147483647;
			files = (
				52C5FE1723611B190012F1C3 /* LaunchScreen.storyboard in Resources */,
				52C5FE1423611B190012F1C3 /* Assets.xcassets in Resources */,
				52C5FE1223611B170012F1C3 /* Main.storyboard in Resources */,
			);
			runOnlyForDeploymentPostprocessing = 0;
		};
		52C5FE1B23611B190012F1C3 /* Resources */ = {
			isa = PBXResourcesBuildPhase;
			buildActionMask = 2147483647;
			files = (
			);
			runOnlyForDeploymentPostprocessing = 0;
		};
		52C5FE2623611B190012F1C3 /* Resources */ = {
			isa = PBXResourcesBuildPhase;
			buildActionMask = 2147483647;
			files = (
			);
			runOnlyForDeploymentPostprocessing = 0;
		};
/* End PBXResourcesBuildPhase section */

/* Begin PBXSourcesBuildPhase section */
		52C5FE0523611B170012F1C3 /* Sources */ = {
			isa = PBXSourcesBuildPhase;
			buildActionMask = 2147483647;
			files = (
				52C5FE0F23611B170012F1C3 /* ViewController.swift in Sources */,
				52C5FE0D23611B170012F1C3 /* AppDelegate.swift in Sources */,
			);
			runOnlyForDeploymentPostprocessing = 0;
		};
		52C5FE1923611B190012F1C3 /* Sources */ = {
			isa = PBXSourcesBuildPhase;
			buildActionMask = 2147483647;
			files = (
				52C5FE2223611B190012F1C3 /* ViewSwitcherTests.swift in Sources */,
			);
			runOnlyForDeploymentPostprocessing = 0;
		};
		52C5FE2423611B190012F1C3 /* Sources */ = {
			isa = PBXSourcesBuildPhase;
			buildActionMask = 2147483647;
			files = (
				52C5FE2D23611B190012F1C3 /* ViewSwitcherUITests.swift in Sources */,
			);
			runOnlyForDeploymentPostprocessing = 0;
		};
/* End PBXSourcesBuildPhase section */

/* Begin PBXTargetDependency section */
		52C5FE1F23611B190012F1C3 /* PBXTargetDependency */ = {
			isa = PBXTargetDependency;
			target = 52C5FE0823611B170012F1C3 /* ViewSwitcher */;
			targetProxy = 52C5FE1E23611B190012F1C3 /* PBXContainerItemProxy */;
		};
		52C5FE2A23611B190012F1C3 /* PBXTargetDependency */ = {
			isa = PBXTargetDependency;
			target = 52C5FE0823611B170012F1C3 /* ViewSwitcher */;
			targetProxy = 52C5FE2923611B190012F1C3 /* PBXContainerItemProxy */;
		};
/* End PBXTargetDependency section */

/* Begin PBXVariantGroup section */
		52C5FE1023611B170012F1C3 /* Main.storyboard */ = {
			isa = PBXVariantGroup;
			children = (
				52C5FE1123611B170012F1C3 /* Base */,
			);
			name = Main.storyboard;
			sourceTree = "<group>";
		};
		52C5FE1523611B190012F1C3 /* LaunchScreen.storyboard */ = {
			isa = PBXVariantGroup;
			children = (
				52C5FE1623611B190012F1C3 /* Base */,
			);
			name = LaunchScreen.storyboard;
			sourceTree = "<group>";
		};
/* End PBXVariantGroup section */

/* Begin XCBuildConfiguration section */
		52C5FE2F23611B190012F1C3 /* Debug */ = {
			isa = XCBuildConfiguration;
			buildSettings = {
				ALWAYS_SEARCH_USER_PATHS = NO;
				CLANG_ANALYZER_NONNULL = YES;
				CLANG_ANALYZER_NUMBER_OBJECT_CONVERSION = YES_AGGRESSIVE;
				CLANG_CXX_LANGUAGE_STANDARD = "gnu++14";
				CLANG_CXX_LIBRARY = "libc++";
				CLANG_ENABLE_MODULES = YES;
				CLANG_ENABLE_OBJC_ARC = YES;
				CLANG_ENABLE_OBJC_WEAK = YES;
				CLANG_WARN_BLOCK_CAPTURE_AUTORELEASING = YES;
				CLANG_WARN_BOOL_CONVERSION = YES;
				CLANG_WARN_COMMA = YES;
				CLANG_WARN_CONSTANT_CONVERSION = YES;
				CLANG_WARN_DEPRECATED_OBJC_IMPLEMENTATIONS = YES;
				CLANG_WARN_DIRECT_OBJC_ISA_USAGE = YES_ERROR;
				CLANG_WARN_DOCUMENTATION_COMMENTS = YES;
				CLANG_WARN_EMPTY_BODY = YES;
				CLANG_WARN_ENUM_CONVERSION = YES;
				CLANG_WARN_INFINITE_RECURSION = YES;
				CLANG_WARN_INT_CONVERSION = YES;
				CLANG_WARN_NON_LITERAL_NULL_CONVERSION = YES;
				CLANG_WARN_OBJC_IMPLICIT_RETAIN_SELF = YES;
				CLANG_WARN_OBJC_LITERAL_CONVERSION = YES;
				CLANG_WARN_OBJC_ROOT_CLASS = YES_ERROR;
				CLANG_WARN_RANGE_LOOP_ANALYSIS = YES;
				CLANG_WARN_STRICT_PROTOTYPES = YES;
				CLANG_WARN_SUSPICIOUS_MOVE = YES;
				CLANG_WARN_UNGUARDED_AVAILABILITY = YES_AGGRESSIVE;
				CLANG_WARN_UNREACHABLE_CODE = YES;
				CLANG_WARN__DUPLICATE_METHOD_MATCH = YES;
				CODE_SIGN_IDENTITY = "iPhone Developer";
				COPY_PHASE_STRIP = NO;
				DEBUG_INFORMATION_FORMAT = dwarf;
				ENABLE_STRICT_OBJC_MSGSEND = YES;
				ENABLE_TESTABILITY = YES;
				GCC_C_LANGUAGE_STANDARD = gnu11;
				GCC_DYNAMIC_NO_PIC = NO;
				GCC_NO_COMMON_BLOCKS = YES;
				GCC_OPTIMIZATION_LEVEL = 0;
				GCC_PREPROCESSOR_DEFINITIONS = (
					"DEBUG=1",
					"$(inherited)",
				);
				GCC_WARN_64_TO_32_BIT_CONVERSION = YES;
				GCC_WARN_ABOUT_RETURN_TYPE = YES_ERROR;
				GCC_WARN_UNDECLARED_SELECTOR = YES;
				GCC_WARN_UNINITIALIZED_AUTOS = YES_AGGRESSIVE;
				GCC_WARN_UNUSED_FUNCTION = YES;
				GCC_WARN_UNUSED_VARIABLE = YES;
				IPHONEOS_DEPLOYMENT_TARGET = 12.1;
				MTL_ENABLE_DEBUG_INFO = INCLUDE_SOURCE;
				MTL_FAST_MATH = YES;
				ONLY_ACTIVE_ARCH = YES;
				SDKROOT = iphoneos;
				SWIFT_ACTIVE_COMPILATION_CONDITIONS = DEBUG;
				SWIFT_OPTIMIZATION_LEVEL = "-Onone";
			};
			name = Debug;
		};
		52C5FE3023611B190012F1C3 /* Release */ = {
			isa = XCBuildConfiguration;
			buildSettings = {
				ALWAYS_SEARCH_USER_PATHS = NO;
				CLANG_ANALYZER_NONNULL = YES;
				CLANG_ANALYZER_NUMBER_OBJECT_CONVERSION = YES_AGGRESSIVE;
				CLANG_CXX_LANGUAGE_STANDARD = "gnu++14";
				CLANG_CXX_LIBRARY = "libc++";
				CLANG_ENABLE_MODULES = YES;
				CLANG_ENABLE_OBJC_ARC = YES;
				CLANG_ENABLE_OBJC_WEAK = YES;
				CLANG_WARN_BLOCK_CAPTURE_AUTORELEASING = YES;
				CLANG_WARN_BOOL_CONVERSION = YES;
				CLANG_WARN_COMMA = YES;
				CLANG_WARN_CONSTANT_CONVERSION = YES;
				CLANG_WARN_DEPRECATED_OBJC_IMPLEMENTATIONS = YES;
				CLANG_WARN_DIRECT_OBJC_ISA_USAGE = YES_ERROR;
				CLANG_WARN_DOCUMENTATION_COMMENTS = YES;
				CLANG_WARN_EMPTY_BODY = YES;
				CLANG_WARN_ENUM_CONVERSION = YES;
				CLANG_WARN_INFINITE_RECURSION = YES;
				CLANG_WARN_INT_CONVERSION = YES;
				CLANG_WARN_NON_LITERAL_NULL_CONVERSION = YES;
				CLANG_WARN_OBJC_IMPLICIT_RETAIN_SELF = YES;
				CLANG_WARN_OBJC_LITERAL_CONVERSION = YES;
				CLANG_WARN_OBJC_ROOT_CLASS = YES_ERROR;
				CLANG_WARN_RANGE_LOOP_ANALYSIS = YES;
				CLANG_WARN_STRICT_PROTOTYPES = YES;
				CLANG_WARN_SUSPICIOUS_MOVE = YES;
				CLANG_WARN_UNGUARDED_AVAILABILITY = YES_AGGRESSIVE;
				CLANG_WARN_UNREACHABLE_CODE = YES;
				CLANG_WARN__DUPLICATE_METHOD_MATCH = YES;
				CODE_SIGN_IDENTITY = "iPhone Developer";
				COPY_PHASE_STRIP = NO;
				DEBUG_INFORMATION_FORMAT = "dwarf-with-dsym";
				ENABLE_NS_ASSERTIONS = NO;
				ENABLE_STRICT_OBJC_MSGSEND = YES;
				GCC_C_LANGUAGE_STANDARD = gnu11;
				GCC_NO_COMMON_BLOCKS = YES;
				GCC_WARN_64_TO_32_BIT_CONVERSION = YES;
				GCC_WARN_ABOUT_RETURN_TYPE = YES_ERROR;
				GCC_WARN_UNDECLARED_SELECTOR = YES;
				GCC_WARN_UNINITIALIZED_AUTOS = YES_AGGRESSIVE;
				GCC_WARN_UNUSED_FUNCTION = YES;
				GCC_WARN_UNUSED_VARIABLE = YES;
				IPHONEOS_DEPLOYMENT_TARGET = 12.1;
				MTL_ENABLE_DEBUG_INFO = NO;
				MTL_FAST_MATH = YES;
				SDKROOT = iphoneos;
				SWIFT_COMPILATION_MODE = wholemodule;
				SWIFT_OPTIMIZATION_LEVEL = "-O";
				VALIDATE_PRODUCT = YES;
			};
			name = Release;
		};
		52C5FE3223611B190012F1C3 /* Debug */ = {
			isa = XCBuildConfiguration;
			buildSettings = {
				ASSETCATALOG_COMPILER_APPICON_NAME = AppIcon;
				CODE_SIGN_STYLE = Automatic;
				INFOPLIST_FILE = ViewSwitcher/Info.plist;
				LD_RUNPATH_SEARCH_PATHS = (
					"$(inherited)",
					"@executable_path/Frameworks",
				);
				PRODUCT_BUNDLE_IDENTIFIER = Michael.ViewSwitcher;
				PRODUCT_NAME = "$(TARGET_NAME)";
				SWIFT_VERSION = 4.2;
				TARGETED_DEVICE_FAMILY = "1,2";
			};
			name = Debug;
		};
		52C5FE3323611B190012F1C3 /* Release */ = {
			isa = XCBuildConfiguration;
			buildSettings = {
				ASSETCATALOG_COMPILER_APPICON_NAME = AppIcon;
				CODE_SIGN_STYLE = Automatic;
				INFOPLIST_FILE = ViewSwitcher/Info.plist;
				LD_RUNPATH_SEARCH_PATHS = (
					"$(inherited)",
					"@executable_path/Frameworks",
				);
				PRODUCT_BUNDLE_IDENTIFIER = Michael.ViewSwitcher;
				PRODUCT_NAME = "$(TARGET_NAME)";
				SWIFT_VERSION = 4.2;
				TARGETED_DEVICE_FAMILY = "1,2";
			};
			name = Release;
		};
		52C5FE3523611B190012F1C3 /* Debug */ = {
			isa = XCBuildConfiguration;
			buildSettings = {
				ALWAYS_EMBED_SWIFT_STANDARD_LIBRARIES = YES;
				BUNDLE_LOADER = "$(TEST_HOST)";
				CODE_SIGN_STYLE = Automatic;
				INFOPLIST_FILE = ViewSwitcherTests/Info.plist;
				LD_RUNPATH_SEARCH_PATHS = (
					"$(inherited)",
					"@executable_path/Frameworks",
					"@loader_path/Frameworks",
				);
				PRODUCT_BUNDLE_IDENTIFIER = Michael.ViewSwitcherTests;
				PRODUCT_NAME = "$(TARGET_NAME)";
				SWIFT_VERSION = 4.2;
				TARGETED_DEVICE_FAMILY = "1,2";
				TEST_HOST = "$(BUILT_PRODUCTS_DIR)/ViewSwitcher.app/ViewSwitcher";
			};
			name = Debug;
		};
		52C5FE3623611B190012F1C3 /* Release */ = {
			isa = XCBuildConfiguration;
			buildSettings = {
				ALWAYS_EMBED_SWIFT_STANDARD_LIBRARIES = YES;
				BUNDLE_LOADER = "$(TEST_HOST)";
				CODE_SIGN_STYLE = Automatic;
				INFOPLIST_FILE = ViewSwitcherTests/Info.plist;
				LD_RUNPATH_SEARCH_PATHS = (
					"$(inherited)",
					"@executable_path/Frameworks",
					"@loader_path/Frameworks",
				);
				PRODUCT_BUNDLE_IDENTIFIER = Michael.ViewSwitcherTests;
				PRODUCT_NAME = "$(TARGET_NAME)";
				SWIFT_VERSION = 4.2;
				TARGETED_DEVICE_FAMILY = "1,2";
				TEST_HOST = "$(BUILT_PRODUCTS_DIR)/ViewSwitcher.app/ViewSwitcher";
			};
			name = Release;
		};
		52C5FE3823611B190012F1C3 /* Debug */ = {
			isa = XCBuildConfiguration;
			buildSettings = {
				ALWAYS_EMBED_SWIFT_STANDARD_LIBRARIES = YES;
				CODE_SIGN_STYLE = Automatic;
				INFOPLIST_FILE = ViewSwitcherUITests/Info.plist;
				LD_RUNPATH_SEARCH_PATHS = (
					"$(inherited)",
					"@executable_path/Frameworks",
					"@loader_path/Frameworks",
				);
				PRODUCT_BUNDLE_IDENTIFIER = Michael.ViewSwitcherUITests;
				PRODUCT_NAME = "$(TARGET_NAME)";
				SWIFT_VERSION = 4.2;
				TARGETED_DEVICE_FAMILY = "1,2";
				TEST_TARGET_NAME = ViewSwitcher;
			};
			name = Debug;
		};
		52C5FE3923611B190012F1C3 /* Release */ = {
			isa = XCBuildConfiguration;
			buildSettings = {
				ALWAYS_EMBED_SWIFT_STANDARD_LIBRARIES = YES;
				CODE_SIGN_STYLE = Automatic;
				INFOPLIST_FILE = ViewSwitcherUITests/Info.plist;
				LD_RUNPATH_SEARCH_PATHS = (
					"$(inherited)",
					"@executable_path/Frameworks",
					"@loader_path/Frameworks",
				);
				PRODUCT_BUNDLE_IDENTIFIER = Michael.ViewSwitcherUITests;
				PRODUCT_NAME = "$(TARGET_NAME)";
				SWIFT_VERSION = 4.2;
				TARGETED_DEVICE_FAMILY = "1,2";
				TEST_TARGET_NAME = ViewSwitcher;
			};
			name = Release;
		};
/* End XCBuildConfiguration section */

/* Begin XCConfigurationList section */
		52C5FE0423611B170012F1C3 /* Build configuration list for PBXProject "ViewSwitcher" */ = {
			isa = XCConfigurationList;
			buildConfigurations = (
				52C5FE2F23611B190012F1C3 /* Debug */,
				52C5FE3023611B190012F1C3 /* Release */,
			);
			defaultConfigurationIsVisible = 0;
			defaultConfigurationName = Release;
		};
		52C5FE3123611B190012F1C3 /* Build configuration list for PBXNativeTarget "ViewSwitcher" */ = {
			isa = XCConfigurationList;
			buildConfigurations = (
				52C5FE3223611B190012F1C3 /* Debug */,
				52C5FE3323611B190012F1C3 /* Release */,
			);
			defaultConfigurationIsVisible = 0;
			defaultConfigurationName = Release;
		};
		52C5FE3423611B190012F1C3 /* Build configuration list for PBXNativeTarget "ViewSwitcherTests" */ = {
			isa = XCConfigurationList;
			buildConfigurations = (
				52C5FE3523611B190012F1C3 /* Debug */,
				52C5FE3623611B190012F1C3 /* Release */,
			);
			defaultConfigurationIsVisible = 0;
			defaultConfigurationName = Release;
		};
		52C5FE3723611B190012F1C3 /* Build configuration list for PBXNativeTarget "ViewSwitcherUITests" */ = {
			isa = XCConfigurationList;
			buildConfigurations = (
				52C5FE3823611B190012F1C3 /* Debug */,
				52C5FE3923611B190012F1C3 /* Release */,
			);
			defaultConfigurationIsVisible = 0;
			defaultConfigurationName = Release;
		};
/* End XCConfigurationList section */
	};
	rootObject = 52C5FE0123611B170012F1C3 /* Project object */;
}
